
Microsoft Visual Studio Solution File, Format Version 12.00
# Visual Studio 15
VisualStudioVersion = 15.0.28307.168
MinimumVisualStudioVersion = 10.0.40219.1
Project("{FAE04EC0-301F-11D3-BF4B-00C04F79EFBC}") = "bitmath", "bitmath\bitmath.csproj", "{1A1480F6-2AE9-40E6-8CEC-9B7F045A4C07}"
EndProject
Global
	GlobalSection(SolutionConfigurationPlatforms) = preSolution
		Debug|Any CPU = Debug|Any CPU
		Release|Any CPU = Release|Any CPU
	EndGlobalSection
	GlobalSection(ProjectConfigurationPlatforms) = postSolution
		{1A1480F6-2AE9-40E6-8CEC-9B7F045A4C07}.Debug|Any CPU.ActiveCfg = Debug|Any CPU
		{1A1480F6-2AE9-40E6-8CEC-9B7F045A4C07}.Debug|Any CPU.Build.0 = Debug|Any CPU
		{1A1480F6-2AE9-40E6-8CEC-9B7F045A4C07}.Release|Any CPU.ActiveCfg = Release|Any CPU
		{1A1480F6-2AE9-40E6-8CEC-9B7F045A4C07}.Release|Any CPU.Build.0 = Release|Any CPU
	EndGlobalSection
	GlobalSection(SolutionProperties) = preSolution
		HideSolutionNode = FALSE
	EndGlobalSection
	GlobalSection(ExtensibilityGlobals) = postSolution
		SolutionGuid = {2B99361C-7FBF-49F6-B524-DD40C6BBAB6B}
	EndGlobalSection
EndGlobal
